{
  "lockfileVersion": 1,
  "workspaces": {
    "": {
      "name": "mistral-ocr",
      "dependencies": {
        "@mistralai/mistralai": "^1.5.1",
      },
      "devDependencies": {
        "@types/bun": "latest",
      },
      "peerDependencies": {
        "typescript": "^5.0.0",
      },
    },
  },
  "packages": {
    "@mistralai/mistralai": ["@mistralai/mistralai@1.5.1", "", { "dependencies": { "zod-to-json-schema": "^3.24.1" }, "peerDependencies": { "zod": ">= 3" } }, "sha512-Ie0EH4dAO11MEXR5N2kS2cgr+ycTWvqN/yP9bKrtmUEqjdcF4i7DLxtrFMUw5l2dOPhrkX93G4SziFiATPWu2w=="],

    "@types/bun": ["@types/bun@1.2.4", "", { "dependencies": { "bun-types": "1.2.4" } }, "sha512-QtuV5OMR8/rdKJs213iwXDpfVvnskPXY/S0ZiFbsTjQZycuqPbMW8Gf/XhLfwE5njW8sxI2WjISURXPlHypMFA=="],

    "@types/node": ["@types/node@22.13.9", "", { "dependencies": { "undici-types": "~6.20.0" } }, "sha512-acBjXdRJ3A6Pb3tqnw9HZmyR3Fiol3aGxRCK1x3d+6CDAMjl7I649wpSd+yNURCjbOUGu9tqtLKnTGxmK6CyGw=="],

    "@types/ws": ["@types/ws@8.5.14", "", { "dependencies": { "@types/node": "*" } }, "sha512-bd/YFLW+URhBzMXurx7lWByOu+xzU9+kb3RboOteXYDfW+tr+JZa99OyNmPINEGB/ahzKrEuc8rcv4gnpJmxTw=="],

    "bun-types": ["bun-types@1.2.4", "", { "dependencies": { "@types/node": "*", "@types/ws": "~8.5.10" } }, "sha512-nDPymR207ZZEoWD4AavvEaa/KZe/qlrbMSchqpQwovPZCKc7pwMoENjEtHgMKaAjJhy+x6vfqSBA1QU3bJgs0Q=="],

    "typescript": ["typescript@5.8.2", "", { "bin": { "tsc": "bin/tsc", "tsserver": "bin/tsserver" } }, "sha512-aJn6wq13/afZp/jT9QZmwEjDqqvSGp1VT5GVg+f/t6/oVyrgXM6BY1h9BRh/O5p3PlUPAe+WuiEZOmb/49RqoQ=="],

    "undici-types": ["undici-types@6.20.0", "", {}, "sha512-Ny6QZ2Nju20vw1SRHe3d9jVu6gJ+4e3+MMpqu7pqE5HT6WsTSlce++GQmK5UXS8mzV8DSYHrQH+Xrf2jVcuKNg=="],

    "zod": ["zod@3.24.2", "", {}, "sha512-lY7CDW43ECgW9u1TcT3IoXHflywfVqDYze4waEz812jR/bZ8FHDsl7pFQoSZTz5N+2NqRXs8GBwnAwo3ZNxqhQ=="],

    "zod-to-json-schema": ["zod-to-json-schema@3.24.3", "", { "peerDependencies": { "zod": "^3.24.1" } }, "sha512-HIAfWdYIt1sssHfYZFCXp4rU1w2r8hVVXYIlmoa0r0gABLs5di3RCqPU5DDROogVz1pAdYBaz7HK5n9pSUNs3A=="],
  }
}
